
Microsoft Visual Studio Solution File, Format Version 12.00
# Visual Studio Version 17
VisualStudioVersion = 17.14.36414.22 d17.14
MinimumVisualStudioVersion = 10.0.40219.1
Project("{FAE04EC0-301F-11D3-BF4B-00C04F79EFBC}") = "WebUtils", "WebUtils\WebUtils.csproj", "{0D1290AC-EAAD-4C81-8E2F-26FC0DFA4DD2}"
EndProject
Global
	GlobalSection(SolutionConfigurationPlatforms) = preSolution
		Debug|Any CPU = Debug|Any CPU
		Release|Any CPU = Release|Any CPU
	EndGlobalSection
	GlobalSection(ProjectConfigurationPlatforms) = postSolution
		{0D1290AC-EAAD-4C81-8E2F-26FC0DFA4DD2}.Debug|Any CPU.ActiveCfg = Debug|Any CPU
		{0D1290AC-EAAD-4C81-8E2F-26FC0DFA4DD2}.Debug|Any CPU.Build.0 = Debug|Any CPU
		{0D1290AC-EAAD-4C81-8E2F-26FC0DFA4DD2}.Release|Any CPU.ActiveCfg = Release|Any CPU
		{0D1290AC-EAAD-4C81-8E2F-26FC0DFA4DD2}.Release|Any CPU.Build.0 = Release|Any CPU
	EndGlobalSection
	GlobalSection(SolutionProperties) = preSolution
		HideSolutionNode = FALSE
	EndGlobalSection
	GlobalSection(ExtensibilityGlobals) = postSolution
		SolutionGuid = {BF8B61AC-0C0D-4BFB-A4D6-6B409D25922A}
	EndGlobalSection
EndGlobal
